
Microsoft Visual Studio Solution File, Format Version 12.00
# Visual Studio Version 17
VisualStudioVersion = 17.5.33209.295
MinimumVisualStudioVersion = 10.0.40219.1
Project("{8BC9CEB8-8B4A-11D0-8D11-00A0C91BC942}") = "WinHttpClient", "WinHttpClient.vcxitems", "{84B9DC19-844E-495B-BB1B-69C86B57C4AA}"
EndProject
Project("{8BC9CEB8-8B4A-11D0-8D11-00A0C91BC942}") = "WinHttpClientTest", "WinHttpClientTest\WinHttpClientTest.vcxproj", "{127FAD6B-A2B1-4A4E-831A-744DDB4B5478}"
EndProject
Global
	GlobalSection(SolutionConfigurationPlatforms) = preSolution
		Debug|x64 = Debug|x64
		Debug|x86 = Debug|x86
		Release|x64 = Release|x64
		Release|x86 = Release|x86
	EndGlobalSection
	GlobalSection(ProjectConfigurationPlatforms) = postSolution
		{127FAD6B-A2B1-4A4E-831A-744DDB4B5478}.Debug|x64.ActiveCfg = Debug|x64
		{127FAD6B-A2B1-4A4E-831A-744DDB4B5478}.Debug|x64.Build.0 = Debug|x64
		{127FAD6B-A2B1-4A4E-831A-744DDB4B5478}.Debug|x86.ActiveCfg = Debug|Win32
		{127FAD6B-A2B1-4A4E-831A-744DDB4B5478}.Debug|x86.Build.0 = Debug|Win32
		{127FAD6B-A2B1-4A4E-831A-744DDB4B5478}.Release|x64.ActiveCfg = Release|x64
		{127FAD6B-A2B1-4A4E-831A-744DDB4B5478}.Release|x64.Build.0 = Release|x64
		{127FAD6B-A2B1-4A4E-831A-744DDB4B5478}.Release|x86.ActiveCfg = Release|Win32
		{127FAD6B-A2B1-4A4E-831A-744DDB4B5478}.Release|x86.Build.0 = Release|Win32
	EndGlobalSection
	GlobalSection(SolutionProperties) = preSolution
		HideSolutionNode = FALSE
	EndGlobalSection
	GlobalSection(ExtensibilityGlobals) = postSolution
		SolutionGuid = {7DE943A3-26D5-46DA-B72E-7D9D0383EA0B}
	EndGlobalSection
	GlobalSection(SharedMSBuildProjectFiles) = preSolution
		WinHttpClient.vcxitems*{127fad6b-a2b1-4a4e-831a-744ddb4b5478}*SharedItemsImports = 4
		WinHttpClient.vcxitems*{84b9dc19-844e-495b-bb1b-69c86b57c4aa}*SharedItemsImports = 9
	EndGlobalSection
EndGlobal
